
Microsoft Visual Studio Solution File, Format Version 12.00
# Visual Studio 15
VisualStudioVersion = 15.0.28010.2016
MinimumVisualStudioVersion = 10.0.40219.1
Project("{FAE04EC0-301F-11D3-BF4B-00C04F79EFBC}") = "EsiLibrary", "EsiLibrary\EsiLibrary.csproj", "{6F9BBD2F-46F0-476C-8091-6E31D61F1BEF}"
EndProject
Project("{FAE04EC0-301F-11D3-BF4B-00C04F79EFBC}") = "EsiLibrary.Tests", "EsiLibrary.Tests\EsiLibrary.Tests.csproj", "{B5DB99E1-EE3C-4C56-8B2D-8D996AF4BEBC}"
EndProject
Project("{FAE04EC0-301F-11D3-BF4B-00C04F79EFBC}") = "EsiLibrary.IntegrationTests", "EsiLibrary.IntegrationTests\EsiLibrary.IntegrationTests.csproj", "{05FCA150-8E6F-4C0C-A694-2C25A06D10A0}"
EndProject
Global
	GlobalSection(SolutionConfigurationPlatforms) = preSolution
		Debug|Any CPU = Debug|Any CPU
		Release|Any CPU = Release|Any CPU
	EndGlobalSection
	GlobalSection(ProjectConfigurationPlatforms) = postSolution
		{6F9BBD2F-46F0-476C-8091-6E31D61F1BEF}.Debug|Any CPU.ActiveCfg = Debug|Any CPU
		{6F9BBD2F-46F0-476C-8091-6E31D61F1BEF}.Debug|Any CPU.Build.0 = Debug|Any CPU
		{6F9BBD2F-46F0-476C-8091-6E31D61F1BEF}.Release|Any CPU.ActiveCfg = Release|Any CPU
		{6F9BBD2F-46F0-476C-8091-6E31D61F1BEF}.Release|Any CPU.Build.0 = Release|Any CPU
		{B5DB99E1-EE3C-4C56-8B2D-8D996AF4BEBC}.Debug|Any CPU.ActiveCfg = Debug|Any CPU
		{B5DB99E1-EE3C-4C56-8B2D-8D996AF4BEBC}.Debug|Any CPU.Build.0 = Debug|Any CPU
		{B5DB99E1-EE3C-4C56-8B2D-8D996AF4BEBC}.Release|Any CPU.ActiveCfg = Release|Any CPU
		{05FCA150-8E6F-4C0C-A694-2C25A06D10A0}.Debug|Any CPU.ActiveCfg = Debug|Any CPU
		{05FCA150-8E6F-4C0C-A694-2C25A06D10A0}.Debug|Any CPU.Build.0 = Debug|Any CPU
		{05FCA150-8E6F-4C0C-A694-2C25A06D10A0}.Release|Any CPU.ActiveCfg = Release|Any CPU
		{05FCA150-8E6F-4C0C-A694-2C25A06D10A0}.Release|Any CPU.Build.0 = Release|Any CPU
	EndGlobalSection
	GlobalSection(SolutionProperties) = preSolution
		HideSolutionNode = FALSE
	EndGlobalSection
	GlobalSection(ExtensibilityGlobals) = postSolution
		SolutionGuid = {0A4FAAFC-02BD-4FF4-8A3E-8317A44EAD04}
	EndGlobalSection
EndGlobal
